
Microsoft Visual Studio Solution File, Format Version 12.00
# Visual Studio Version 17
VisualStudioVersion = 17.7.34024.191
MinimumVisualStudioVersion = 10.0.40219.1
Project("{9A19103F-16F7-4668-BE54-9A1E7A4F7556}") = "Aprendiendo", "Aprendiendo\Aprendiendo.csproj", "{14D97A66-3258-467B-93BF-88475CA3ECEE}"
EndProject
Global
	GlobalSection(SolutionConfigurationPlatforms) = preSolution
		Debug|Any CPU = Debug|Any CPU
		Release|Any CPU = Release|Any CPU
	EndGlobalSection
	GlobalSection(ProjectConfigurationPlatforms) = postSolution
		{14D97A66-3258-467B-93BF-88475CA3ECEE}.Debug|Any CPU.ActiveCfg = Debug|Any CPU
		{14D97A66-3258-467B-93BF-88475CA3ECEE}.Debug|Any CPU.Build.0 = Debug|Any CPU
		{14D97A66-3258-467B-93BF-88475CA3ECEE}.Release|Any CPU.ActiveCfg = Release|Any CPU
		{14D97A66-3258-467B-93BF-88475CA3ECEE}.Release|Any CPU.Build.0 = Release|Any CPU
	EndGlobalSection
	GlobalSection(SolutionProperties) = preSolution
		HideSolutionNode = FALSE
	EndGlobalSection
	GlobalSection(ExtensibilityGlobals) = postSolution
		SolutionGuid = {0CBB51B3-D596-41B5-A432-05ED9D1274C3}
	EndGlobalSection
EndGlobal
